
Microsoft Visual Studio Solution File, Format Version 12.00
# Visual Studio 15
VisualStudioVersion = 15.0.28010.2003
MinimumVisualStudioVersion = 10.0.40219.1
Project("{FAE04EC0-301F-11D3-BF4B-00C04F79EFBC}") = "SWAPI.Android", "SWAPI\SWAPI.Android\SWAPI.Android.csproj", "{34E21100-BC48-4AFD-8052-5F2B13CFE3FA}"
EndProject
Project("{FAE04EC0-301F-11D3-BF4B-00C04F79EFBC}") = "SWAPI.iOS", "SWAPI\SWAPI.iOS\SWAPI.iOS.csproj", "{47080D2E-533A-47B6-8401-A2252F80A752}"
EndProject
Project("{FAE04EC0-301F-11D3-BF4B-00C04F79EFBC}") = "SWAPI", "SWAPI\SWAPI\SWAPI.csproj", "{12887DFE-4BA6-442C-B62C-F5B05B0A3616}"
EndProject
Global
	GlobalSection(SolutionConfigurationPlatforms) = preSolution
		Ad-Hoc|Any CPU = Ad-Hoc|Any CPU
		Ad-Hoc|iPhone = Ad-Hoc|iPhone
		Ad-Hoc|iPhoneSimulator = Ad-Hoc|iPhoneSimulator
		AppStore|Any CPU = AppStore|Any CPU
		AppStore|iPhone = AppStore|iPhone
		AppStore|iPhoneSimulator = AppStore|iPhoneSimulator
		Debug|Any CPU = Debug|Any CPU
		Debug|iPhone = Debug|iPhone
		Debug|iPhoneSimulator = Debug|iPhoneSimulator
		Release|Any CPU = Release|Any CPU
		Release|iPhone = Release|iPhone
		Release|iPhoneSimulator = Release|iPhoneSimulator
	EndGlobalSection
	GlobalSection(ProjectConfigurationPlatforms) = postSolution
		{34E21100-BC48-4AFD-8052-5F2B13CFE3FA}.Ad-Hoc|Any CPU.ActiveCfg = Release|Any CPU
		{34E21100-BC48-4AFD-8052-5F2B13CFE3FA}.Ad-Hoc|Any CPU.Build.0 = Release|Any CPU
		{34E21100-BC48-4AFD-8052-5F2B13CFE3FA}.Ad-Hoc|Any CPU.Deploy.0 = Release|Any CPU
		{34E21100-BC48-4AFD-8052-5F2B13CFE3FA}.Ad-Hoc|iPhone.ActiveCfg = Release|Any CPU
		{34E21100-BC48-4AFD-8052-5F2B13CFE3FA}.Ad-Hoc|iPhone.Build.0 = Release|Any CPU
		{34E21100-BC48-4AFD-8052-5F2B13CFE3FA}.Ad-Hoc|iPhone.Deploy.0 = Release|Any CPU
		{34E21100-BC48-4AFD-8052-5F2B13CFE3FA}.Ad-Hoc|iPhoneSimulator.ActiveCfg = Release|Any CPU
		{34E21100-BC48-4AFD-8052-5F2B13CFE3FA}.Ad-Hoc|iPhoneSimulator.Build.0 = Release|Any CPU
		{34E21100-BC48-4AFD-8052-5F2B13CFE3FA}.Ad-Hoc|iPhoneSimulator.Deploy.0 = Release|Any CPU
		{34E21100-BC48-4AFD-8052-5F2B13CFE3FA}.AppStore|Any CPU.ActiveCfg = Release|Any CPU
		{34E21100-BC48-4AFD-8052-5F2B13CFE3FA}.AppStore|Any CPU.Build.0 = Release|Any CPU
		{34E21100-BC48-4AFD-8052-5F2B13CFE3FA}.AppStore|Any CPU.Deploy.0 = Release|Any CPU
		{34E21100-BC48-4AFD-8052-5F2B13CFE3FA}.AppStore|iPhone.ActiveCfg = Release|Any CPU
		{34E21100-BC48-4AFD-8052-5F2B13CFE3FA}.AppStore|iPhone.Build.0 = Release|Any CPU
		{34E21100-BC48-4AFD-8052-5F2B13CFE3FA}.AppStore|iPhone.Deploy.0 = Release|Any CPU
		{34E21100-BC48-4AFD-8052-5F2B13CFE3FA}.AppStore|iPhoneSimulator.ActiveCfg = Release|Any CPU
		{34E21100-BC48-4AFD-8052-5F2B13CFE3FA}.AppStore|iPhoneSimulator.Build.0 = Release|Any CPU
		{34E21100-BC48-4AFD-8052-5F2B13CFE3FA}.AppStore|iPhoneSimulator.Deploy.0 = Release|Any CPU
		{34E21100-BC48-4AFD-8052-5F2B13CFE3FA}.Debug|Any CPU.ActiveCfg = Debug|Any CPU
		{34E21100-BC48-4AFD-8052-5F2B13CFE3FA}.Debug|Any CPU.Build.0 = Debug|Any CPU
		{34E21100-BC48-4AFD-8052-5F2B13CFE3FA}.Debug|Any CPU.Deploy.0 = Debug|Any CPU
		{34E21100-BC48-4AFD-8052-5F2B13CFE3FA}.Debug|iPhone.ActiveCfg = Debug|Any CPU
		{34E21100-BC48-4AFD-8052-5F2B13CFE3FA}.Debug|iPhone.Build.0 = Debug|Any CPU
		{34E21100-BC48-4AFD-8052-5F2B13CFE3FA}.Debug|iPhone.Deploy.0 = Debug|Any CPU
		{34E21100-BC48-4AFD-8052-5F2B13CFE3FA}.Debug|iPhoneSimulator.ActiveCfg = Debug|Any CPU
		{34E21100-BC48-4AFD-8052-5F2B13CFE3FA}.Debug|iPhoneSimulator.Build.0 = Debug|Any CPU
		{34E21100-BC48-4AFD-8052-5F2B13CFE3FA}.Debug|iPhoneSimulator.Deploy.0 = Debug|Any CPU
		{34E21100-BC48-4AFD-8052-5F2B13CFE3FA}.Release|Any CPU.ActiveCfg = Release|Any CPU
		{34E21100-BC48-4AFD-8052-5F2B13CFE3FA}.Release|Any CPU.Build.0 = Release|Any CPU
		{34E21100-BC48-4AFD-8052-5F2B13CFE3FA}.Release|Any CPU.Deploy.0 = Release|Any CPU
		{34E21100-BC48-4AFD-8052-5F2B13CFE3FA}.Release|iPhone.ActiveCfg = Release|Any CPU
		{34E21100-BC48-4AFD-8052-5F2B13CFE3FA}.Release|iPhone.Build.0 = Release|Any CPU
		{34E21100-BC48-4AFD-8052-5F2B13CFE3FA}.Release|iPhone.Deploy.0 = Release|Any CPU
		{34E21100-BC48-4AFD-8052-5F2B13CFE3FA}.Release|iPhoneSimulator.ActiveCfg = Release|Any CPU
		{34E21100-BC48-4AFD-8052-5F2B13CFE3FA}.Release|iPhoneSimulator.Build.0 = Release|Any CPU
		{34E21100-BC48-4AFD-8052-5F2B13CFE3FA}.Release|iPhoneSimulator.Deploy.0 = Release|Any CPU
		{47080D2E-533A-47B6-8401-A2252F80A752}.Ad-Hoc|Any CPU.ActiveCfg = Ad-Hoc|iPhone
		{47080D2E-533A-47B6-8401-A2252F80A752}.Ad-Hoc|Any CPU.Build.0 = Ad-Hoc|iPhone
		{47080D2E-533A-47B6-8401-A2252F80A752}.Ad-Hoc|Any CPU.Deploy.0 = Ad-Hoc|iPhone
		{47080D2E-533A-47B6-8401-A2252F80A752}.Ad-Hoc|iPhone.ActiveCfg = Ad-Hoc|iPhone
		{47080D2E-533A-47B6-8401-A2252F80A752}.Ad-Hoc|iPhone.Build.0 = Ad-Hoc|iPhone
		{47080D2E-533A-47B6-8401-A2252F80A752}.Ad-Hoc|iPhone.Deploy.0 = Ad-Hoc|iPhone
		{47080D2E-533A-47B6-8401-A2252F80A752}.Ad-Hoc|iPhoneSimulator.ActiveCfg = Ad-Hoc|iPhoneSimulator
		{47080D2E-533A-47B6-8401-A2252F80A752}.Ad-Hoc|iPhoneSimulator.Build.0 = Ad-Hoc|iPhoneSimulator
		{47080D2E-533A-47B6-8401-A2252F80A752}.Ad-Hoc|iPhoneSimulator.Deploy.0 = Ad-Hoc|iPhoneSimulator
		{47080D2E-533A-47B6-8401-A2252F80A752}.AppStore|Any CPU.ActiveCfg = AppStore|iPhone
		{47080D2E-533A-47B6-8401-A2252F80A752}.AppStore|Any CPU.Build.0 = AppStore|iPhone
		{47080D2E-533A-47B6-8401-A2252F80A752}.AppStore|Any CPU.Deploy.0 = AppStore|iPhone
		{47080D2E-533A-47B6-8401-A2252F80A752}.AppStore|iPhone.ActiveCfg = AppStore|iPhone
		{47080D2E-533A-47B6-8401-A2252F80A752}.AppStore|iPhone.Build.0 = AppStore|iPhone
		{47080D2E-533A-47B6-8401-A2252F80A752}.AppStore|iPhone.Deploy.0 = AppStore|iPhone
		{47080D2E-533A-47B6-8401-A2252F80A752}.AppStore|iPhoneSimulator.ActiveCfg = AppStore|iPhoneSimulator
		{47080D2E-533A-47B6-8401-A2252F80A752}.AppStore|iPhoneSimulator.Build.0 = AppStore|iPhoneSimulator
		{47080D2E-533A-47B6-8401-A2252F80A752}.AppStore|iPhoneSimulator.Deploy.0 = AppStore|iPhoneSimulator
		{47080D2E-533A-47B6-8401-A2252F80A752}.Debug|Any CPU.ActiveCfg = Debug|iPhoneSimulator
		{47080D2E-533A-47B6-8401-A2252F80A752}.Debug|Any CPU.Build.0 = Debug|iPhoneSimulator
		{47080D2E-533A-47B6-8401-A2252F80A752}.Debug|Any CPU.Deploy.0 = Debug|iPhoneSimulator
		{47080D2E-533A-47B6-8401-A2252F80A752}.Debug|iPhone.ActiveCfg = Debug|iPhone
		{47080D2E-533A-47B6-8401-A2252F80A752}.Debug|iPhone.Build.0 = Debug|iPhone
		{47080D2E-533A-47B6-8401-A2252F80A752}.Debug|iPhone.Deploy.0 = Debug|iPhone
		{47080D2E-533A-47B6-8401-A2252F80A752}.Debug|iPhoneSimulator.ActiveCfg = Debug|iPhoneSimulator
		{47080D2E-533A-47B6-8401-A2252F80A752}.Debug|iPhoneSimulator.Build.0 = Debug|iPhoneSimulator
		{47080D2E-533A-47B6-8401-A2252F80A752}.Debug|iPhoneSimulator.Deploy.0 = Debug|iPhoneSimulator
		{47080D2E-533A-47B6-8401-A2252F80A752}.Release|Any CPU.ActiveCfg = Release|iPhone
		{47080D2E-533A-47B6-8401-A2252F80A752}.Release|Any CPU.Build.0 = Release|iPhone
		{47080D2E-533A-47B6-8401-A2252F80A752}.Release|Any CPU.Deploy.0 = Release|iPhone
		{47080D2E-533A-47B6-8401-A2252F80A752}.Release|iPhone.ActiveCfg = Release|iPhone
		{47080D2E-533A-47B6-8401-A2252F80A752}.Release|iPhone.Build.0 = Release|iPhone
		{47080D2E-533A-47B6-8401-A2252F80A752}.Release|iPhone.Deploy.0 = Release|iPhone
		{47080D2E-533A-47B6-8401-A2252F80A752}.Release|iPhoneSimulator.ActiveCfg = Release|iPhoneSimulator
		{47080D2E-533A-47B6-8401-A2252F80A752}.Release|iPhoneSimulator.Build.0 = Release|iPhoneSimulator
		{47080D2E-533A-47B6-8401-A2252F80A752}.Release|iPhoneSimulator.Deploy.0 = Release|iPhoneSimulator
		{12887DFE-4BA6-442C-B62C-F5B05B0A3616}.Ad-Hoc|Any CPU.ActiveCfg = Debug|Any CPU
		{12887DFE-4BA6-442C-B62C-F5B05B0A3616}.Ad-Hoc|Any CPU.Build.0 = Debug|Any CPU
		{12887DFE-4BA6-442C-B62C-F5B05B0A3616}.Ad-Hoc|Any CPU.Deploy.0 = Debug|Any CPU
		{12887DFE-4BA6-442C-B62C-F5B05B0A3616}.Ad-Hoc|iPhone.ActiveCfg = Debug|Any CPU
		{12887DFE-4BA6-442C-B62C-F5B05B0A3616}.Ad-Hoc|iPhone.Build.0 = Debug|Any CPU
		{12887DFE-4BA6-442C-B62C-F5B05B0A3616}.Ad-Hoc|iPhone.Deploy.0 = Debug|Any CPU
		{12887DFE-4BA6-442C-B62C-F5B05B0A3616}.Ad-Hoc|iPhoneSimulator.ActiveCfg = Debug|Any CPU
		{12887DFE-4BA6-442C-B62C-F5B05B0A3616}.Ad-Hoc|iPhoneSimulator.Build.0 = Debug|Any CPU
		{12887DFE-4BA6-442C-B62C-F5B05B0A3616}.Ad-Hoc|iPhoneSimulator.Deploy.0 = Debug|Any CPU
		{12887DFE-4BA6-442C-B62C-F5B05B0A3616}.AppStore|Any CPU.ActiveCfg = Debug|Any CPU
		{12887DFE-4BA6-442C-B62C-F5B05B0A3616}.AppStore|Any CPU.Build.0 = Debug|Any CPU
		{12887DFE-4BA6-442C-B62C-F5B05B0A3616}.AppStore|Any CPU.Deploy.0 = Debug|Any CPU
		{12887DFE-4BA6-442C-B62C-F5B05B0A3616}.AppStore|iPhone.ActiveCfg = Debug|Any CPU
		{12887DFE-4BA6-442C-B62C-F5B05B0A3616}.AppStore|iPhone.Build.0 = Debug|Any CPU
		{12887DFE-4BA6-442C-B62C-F5B05B0A3616}.AppStore|iPhone.Deploy.0 = Debug|Any CPU
		{12887DFE-4BA6-442C-B62C-F5B05B0A3616}.AppStore|iPhoneSimulator.ActiveCfg = Debug|Any CPU
		{12887DFE-4BA6-442C-B62C-F5B05B0A3616}.AppStore|iPhoneSimulator.Build.0 = Debug|Any CPU
		{12887DFE-4BA6-442C-B62C-F5B05B0A3616}.AppStore|iPhoneSimulator.Deploy.0 = Debug|Any CPU
		{12887DFE-4BA6-442C-B62C-F5B05B0A3616}.Debug|Any CPU.ActiveCfg = Debug|Any CPU
		{12887DFE-4BA6-442C-B62C-F5B05B0A3616}.Debug|Any CPU.Build.0 = Debug|Any CPU
		{12887DFE-4BA6-442C-B62C-F5B05B0A3616}.Debug|Any CPU.Deploy.0 = Debug|Any CPU
		{12887DFE-4BA6-442C-B62C-F5B05B0A3616}.Debug|iPhone.ActiveCfg = Debug|Any CPU
		{12887DFE-4BA6-442C-B62C-F5B05B0A3616}.Debug|iPhone.Build.0 = Debug|Any CPU
		{12887DFE-4BA6-442C-B62C-F5B05B0A3616}.Debug|iPhone.Deploy.0 = Debug|Any CPU
		{12887DFE-4BA6-442C-B62C-F5B05B0A3616}.Debug|iPhoneSimulator.ActiveCfg = Debug|Any CPU
		{12887DFE-4BA6-442C-B62C-F5B05B0A3616}.Debug|iPhoneSimulator.Build.0 = Debug|Any CPU
		{12887DFE-4BA6-442C-B62C-F5B05B0A3616}.Debug|iPhoneSimulator.Deploy.0 = Debug|Any CPU
		{12887DFE-4BA6-442C-B62C-F5B05B0A3616}.Release|Any CPU.ActiveCfg = Release|Any CPU
		{12887DFE-4BA6-442C-B62C-F5B05B0A3616}.Release|Any CPU.Build.0 = Release|Any CPU
		{12887DFE-4BA6-442C-B62C-F5B05B0A3616}.Release|Any CPU.Deploy.0 = Release|Any CPU
		{12887DFE-4BA6-442C-B62C-F5B05B0A3616}.Release|iPhone.ActiveCfg = Release|Any CPU
		{12887DFE-4BA6-442C-B62C-F5B05B0A3616}.Release|iPhone.Build.0 = Release|Any CPU
		{12887DFE-4BA6-442C-B62C-F5B05B0A3616}.Release|iPhone.Deploy.0 = Release|Any CPU
		{12887DFE-4BA6-442C-B62C-F5B05B0A3616}.Release|iPhoneSimulator.ActiveCfg = Release|Any CPU
		{12887DFE-4BA6-442C-B62C-F5B05B0A3616}.Release|iPhoneSimulator.Build.0 = Release|Any CPU
		{12887DFE-4BA6-442C-B62C-F5B05B0A3616}.Release|iPhoneSimulator.Deploy.0 = Release|Any CPU
	EndGlobalSection
	GlobalSection(SolutionProperties) = preSolution
		HideSolutionNode = FALSE
	EndGlobalSection
	GlobalSection(ExtensibilityGlobals) = postSolution
		SolutionGuid = {C25397DB-F3E0-40AF-B5C7-363C8B46D354}
	EndGlobalSection
EndGlobal
